github.com/MediaMath/go-lzop v0.0.0-20180212183636-93de0dbf7ff4 h1:6RMVfyGNwP848UNLVVGBqZ9XtUHI3ocj1QtXOykIi2I=
github.com/MediaMath/go-lzop v0.0.0-20180212183636-93de0dbf7ff4/go.mod h1:+zcXGMWdvCEbNmSVKF4D+u+rZ8NiXb+gnoAqKk7GDyY=
github.com/dchest/uniuri v1.2.0 h1:koIcOUdrTIivZgSLhHQvKgqdWZq5d7KdMEWF1Ud6+5g=
github.com/dchest/uniuri v1.2.0/go.mod h1:fSzm4SLHzNZvWLvWJew423PhAzkpNQYq+uNLq4kxhkY=
github.com/dsnet/compress v0.0.1 h1:PlZu0n3Tuv04TzpfPbrnI0HW/YwodEXDS+oPKahKF0Q=
github.com/dsnet/compress v0.0.1/go.mod h1:Aw8dCMJ7RioblQeTqt88akK31OvO8Dhf5JflhBbQEHo=
github.com/dsnet/golib v0.0.0-20171103203638-1ea166775780/go.mod h1:Lj+Z9rebOhdfkVLjJ8T6VcRQv3SXugXy999NBtR9aFY=
github.com/go-compressions/lzo v0.1.0 h1:dkNMtjz62twPNczJOq+sFcwLKbfKWfjRweR/3m2mdQA=
github.com/go-compressions/lzo v0.1.0/go.mod h1:DMqQnvosvWs/ez4icIL/N1hXoiQxKF0tdNqEzGu/Ajw=
github.com/klauspost/compress v1.4.1/go.mod h1:RyIbtBH6LamlWaDj8nUwkbUhJ87Yi3uG0guNDohfE1A=
github.com/klauspost/cpuid v1.2.0/go.mod h1:Pj4uuM528wm8OyEC2QMXAi2YiTZ96dNQPGgoMS4s3ek=
github.com/pierrec/lz4/v4 v4.1.31 h1:TI8ck6XSudzSzotzAmy0+kh/KpRHaVsKLPzS97gRyNg=
github.com/pierrec/lz4/v4 v4.1.31/go.mod h1:7SE9MC2STkNtL4PIwGhjmyVwvILaGI9/COYQNBhKM/c=
github.com/rasky/go-lzo v0.0.0-20200203143853-96a758eda86e h1:dCWirM5F3wMY+cmRda/B1BiPsFtmzXqV9b0hLWtVBMs=
github.com/rasky/go-lzo v0.0.0-20200203143853-96a758eda86e/go.mod h1:9leZcVcItj6m9/CfHY5Em/iBrCz7js8LcRQGTKEEv2M=
github.com/ulikunitz/xz v0.5.6/go.mod h1:2bypXElzHzzJZwzH67Y6wb67pO62Rzfn7BSiF4ABRW8=
github.com/woozymasta/lzo v0.3.2 h1:YOTK3xjyFwmWv8lxieLZ33e/zZuU9/b+cnLWv2Gzuqs=
github.com/woozymasta/lzo v0.3.2/go.mod h1:atslvdCReG3PCslm/INvW6VmGp+GnHABHYG4ANDasvg=
golang.org/x/crypto v0.57.0 h1:3ZVCjf8Ggz7zneR/EHRVx68Ctf+2pmIMP2UFhh9cC6M=
golang.org/x/crypto v0.57.0/go.mod h1:Fdz0i5U6CoizGwLda9DttjSk6qlZo25zYNtR+ycvuZA=
